
Microsoft Visual Studio Solution File, Format Version 12.00
# Visual Studio Version 16
VisualStudioVersion = 16.0.30011.22
MinimumVisualStudioVersion = 10.0.40219.1
Project("{FAE04EC0-301F-11D3-BF4B-00C04F79EFBC}") = "BasicMath", "BasicMath\BasicMath.csproj", "{B9CCC97A-63D6-4B25-944A-0B86954ABF60}"
EndProject
Project("{FAE04EC0-301F-11D3-BF4B-00C04F79EFBC}") = "UnitTestMaths", "UnitTestMaths\UnitTestMaths.csproj", "{5A8F8B32-B9F7-4D24-8E2E-3BA61A54DDFB}"
EndProject
Global
	GlobalSection(SolutionConfigurationPlatforms) = preSolution
		Debug|Any CPU = Debug|Any CPU
		Release|Any CPU = Release|Any CPU
	EndGlobalSection
	GlobalSection(ProjectConfigurationPlatforms) = postSolution
		{B9CCC97A-63D6-4B25-944A-0B86954ABF60}.Debug|Any CPU.ActiveCfg = Debug|Any CPU
		{B9CCC97A-63D6-4B25-944A-0B86954ABF60}.Debug|Any CPU.Build.0 = Debug|Any CPU
		{B9CCC97A-63D6-4B25-944A-0B86954ABF60}.Release|Any CPU.ActiveCfg = Release|Any CPU
		{B9CCC97A-63D6-4B25-944A-0B86954ABF60}.Release|Any CPU.Build.0 = Release|Any CPU
		{5A8F8B32-B9F7-4D24-8E2E-3BA61A54DDFB}.Debug|Any CPU.ActiveCfg = Debug|Any CPU
		{5A8F8B32-B9F7-4D24-8E2E-3BA61A54DDFB}.Debug|Any CPU.Build.0 = Debug|Any CPU
		{5A8F8B32-B9F7-4D24-8E2E-3BA61A54DDFB}.Release|Any CPU.ActiveCfg = Release|Any CPU
		{5A8F8B32-B9F7-4D24-8E2E-3BA61A54DDFB}.Release|Any CPU.Build.0 = Release|Any CPU
	EndGlobalSection
	GlobalSection(SolutionProperties) = preSolution
		HideSolutionNode = FALSE
	EndGlobalSection
	GlobalSection(ExtensibilityGlobals) = postSolution
		SolutionGuid = {6A55C226-4F8A-4D31-8BE2-3201567C3FE2}
	EndGlobalSection
EndGlobal
